
Microsoft Visual Studio Solution File, Format Version 12.00
# Visual Studio Version 16
VisualStudioVersion = 16.0.30804.86
MinimumVisualStudioVersion = 10.0.40219.1
Project("{FAE04EC0-301F-11D3-BF4B-00C04F79EFBC}") = "BudgetingTool.ConsoleProgram", "BudgetingTool.ConsoleProgram/BudgetingTool.ConsoleProgram.csproj", "{CBF8E645-2995-4E71-AD07-9908D44BBF59}"
EndProject
Project("{FAE04EC0-301F-11D3-BF4B-00C04F79EFBC}") = "BudgetingTool.Logic", "BudgetingTool.Logic\BudgetingTool.Logic.csproj", "{A67F5D72-C61E-4E5B-AF47-55F00E98DB95}"
EndProject
Global
	GlobalSection(SolutionConfigurationPlatforms) = preSolution
		Debug|Any CPU = Debug|Any CPU
		Release|Any CPU = Release|Any CPU
	EndGlobalSection
	GlobalSection(ProjectConfigurationPlatforms) = postSolution
		{CBF8E645-2995-4E71-AD07-9908D44BBF59}.Debug|Any CPU.ActiveCfg = Debug|Any CPU
		{CBF8E645-2995-4E71-AD07-9908D44BBF59}.Debug|Any CPU.Build.0 = Debug|Any CPU
		{CBF8E645-2995-4E71-AD07-9908D44BBF59}.Release|Any CPU.ActiveCfg = Release|Any CPU
		{CBF8E645-2995-4E71-AD07-9908D44BBF59}.Release|Any CPU.Build.0 = Release|Any CPU
		{A67F5D72-C61E-4E5B-AF47-55F00E98DB95}.Debug|Any CPU.ActiveCfg = Debug|Any CPU
		{A67F5D72-C61E-4E5B-AF47-55F00E98DB95}.Debug|Any CPU.Build.0 = Debug|Any CPU
		{A67F5D72-C61E-4E5B-AF47-55F00E98DB95}.Release|Any CPU.ActiveCfg = Release|Any CPU
		{A67F5D72-C61E-4E5B-AF47-55F00E98DB95}.Release|Any CPU.Build.0 = Release|Any CPU
	EndGlobalSection
	GlobalSection(SolutionProperties) = preSolution
		HideSolutionNode = FALSE
	EndGlobalSection
	GlobalSection(ExtensibilityGlobals) = postSolution
		SolutionGuid = {21330434-A6A8-4CF8-B5E7-D699222E0355}
	EndGlobalSection
EndGlobal
